
Microsoft Visual Studio Solution File, Format Version 12.00
# Visual Studio Version 17
VisualStudioVersion = 17.8.34511.84
MinimumVisualStudioVersion = 10.0.40219.1
Project("{FAE04EC0-301F-11D3-BF4B-00C04F79EFBC}") = "BlazorServer", "BlazorServer\BlazorServer.csproj", "{06C09C01-BA8E-42D0-B2F2-0EF533EEC459}"
EndProject
Project("{FAE04EC0-301F-11D3-BF4B-00C04F79EFBC}") = "BlazorWebAssembly", "BlazorWebAssembly\BlazorWebAssembly.csproj", "{42D62D4F-0ABF-4E08-89FE-C33CE506CF87}"
EndProject
Global
	GlobalSection(SolutionConfigurationPlatforms) = preSolution
		Debug|Any CPU = Debug|Any CPU
		Release|Any CPU = Release|Any CPU
	EndGlobalSection
	GlobalSection(ProjectConfigurationPlatforms) = postSolution
		{06C09C01-BA8E-42D0-B2F2-0EF533EEC459}.Debug|Any CPU.ActiveCfg = Debug|Any CPU
		{06C09C01-BA8E-42D0-B2F2-0EF533EEC459}.Debug|Any CPU.Build.0 = Debug|Any CPU
		{06C09C01-BA8E-42D0-B2F2-0EF533EEC459}.Release|Any CPU.ActiveCfg = Release|Any CPU
		{06C09C01-BA8E-42D0-B2F2-0EF533EEC459}.Release|Any CPU.Build.0 = Release|Any CPU
		{42D62D4F-0ABF-4E08-89FE-C33CE506CF87}.Debug|Any CPU.ActiveCfg = Debug|Any CPU
		{42D62D4F-0ABF-4E08-89FE-C33CE506CF87}.Debug|Any CPU.Build.0 = Debug|Any CPU
		{42D62D4F-0ABF-4E08-89FE-C33CE506CF87}.Release|Any CPU.ActiveCfg = Release|Any CPU
		{42D62D4F-0ABF-4E08-89FE-C33CE506CF87}.Release|Any CPU.Build.0 = Release|Any CPU
	EndGlobalSection
	GlobalSection(SolutionProperties) = preSolution
		HideSolutionNode = FALSE
	EndGlobalSection
	GlobalSection(ExtensibilityGlobals) = postSolution
		SolutionGuid = {82FF1DAB-4DAA-4FFC-AE96-0B37509A4742}
	EndGlobalSection
EndGlobal
